{
  "name": "y-server-tools",
  "version": "0.0.1",
  "lockfileVersion": 1,
  "requires": true,
  "dependencies": {
    "basen": {
      "version": "0.0.1",
      "resolved": "http://registry.npm.taobao.org/basen/download/basen-0.0.1.tgz",
      "integrity": "sha1-ri8TqnG2NojmCxaug06NhEIEaKU="
    }
  }
}
